
Microsoft Visual Studio Solution File, Format Version 12.00
# Visual Studio Version 17
VisualStudioVersion = 17.7.34031.279
MinimumVisualStudioVersion = 10.0.40219.1
Project("{FAE04EC0-301F-11D3-BF4B-00C04F79EFBC}") = "AsenkronCSharpCourse", "AsenkronCSharpCourse\AsenkronCSharpCourse.csproj", "{64A83C9E-35F8-4DD3-8EFB-C3928505ABE5}"
EndProject
Project("{FAE04EC0-301F-11D3-BF4B-00C04F79EFBC}") = "Conditionals", "Conditionals\Conditionals.csproj", "{69FA2B6C-FBF5-4BAD-AC89-56C9E2F1DDE7}"
EndProject
Project("{FAE04EC0-301F-11D3-BF4B-00C04F79EFBC}") = "Methods", "Methods\Methods.csproj", "{CCAC1F61-A9AD-4FB1-9B0A-8DCE71A2CB96}"
EndProject
Global
	GlobalSection(SolutionConfigurationPlatforms) = preSolution
		Debug|Any CPU = Debug|Any CPU
		Release|Any CPU = Release|Any CPU
	EndGlobalSection
	GlobalSection(ProjectConfigurationPlatforms) = postSolution
		{64A83C9E-35F8-4DD3-8EFB-C3928505ABE5}.Debug|Any CPU.ActiveCfg = Debug|Any CPU
		{64A83C9E-35F8-4DD3-8EFB-C3928505ABE5}.Debug|Any CPU.Build.0 = Debug|Any CPU
		{64A83C9E-35F8-4DD3-8EFB-C3928505ABE5}.Release|Any CPU.ActiveCfg = Release|Any CPU
		{64A83C9E-35F8-4DD3-8EFB-C3928505ABE5}.Release|Any CPU.Build.0 = Release|Any CPU
		{69FA2B6C-FBF5-4BAD-AC89-56C9E2F1DDE7}.Debug|Any CPU.ActiveCfg = Debug|Any CPU
		{69FA2B6C-FBF5-4BAD-AC89-56C9E2F1DDE7}.Debug|Any CPU.Build.0 = Debug|Any CPU
		{69FA2B6C-FBF5-4BAD-AC89-56C9E2F1DDE7}.Release|Any CPU.ActiveCfg = Release|Any CPU
		{69FA2B6C-FBF5-4BAD-AC89-56C9E2F1DDE7}.Release|Any CPU.Build.0 = Release|Any CPU
		{CCAC1F61-A9AD-4FB1-9B0A-8DCE71A2CB96}.Debug|Any CPU.ActiveCfg = Debug|Any CPU
		{CCAC1F61-A9AD-4FB1-9B0A-8DCE71A2CB96}.Debug|Any CPU.Build.0 = Debug|Any CPU
		{CCAC1F61-A9AD-4FB1-9B0A-8DCE71A2CB96}.Release|Any CPU.ActiveCfg = Release|Any CPU
		{CCAC1F61-A9AD-4FB1-9B0A-8DCE71A2CB96}.Release|Any CPU.Build.0 = Release|Any CPU
	EndGlobalSection
	GlobalSection(SolutionProperties) = preSolution
		HideSolutionNode = FALSE
	EndGlobalSection
	GlobalSection(ExtensibilityGlobals) = postSolution
		SolutionGuid = {15E23DA9-3051-4EEC-815B-BC66C51FAA15}
	EndGlobalSection
EndGlobal
